// !$*UTF8*$!
{
	archiveVersion = 1;
	classes = {
	};
	objectVersion = 46;
	objects = {

/* Begin PBXBuildFile section */
		5F7FAE651A98CE6D00CEF622 /* main.m in Sources */ = {isa = PBXBuildFile; fileRef = 5F7FAE641A98CE6D00CEF622 /* main.m */; };
		5F7FAE681A98CE6D00CEF622 /* AppDelegate.m in Sources */ = {isa = PBXBuildFile; fileRef = 5F7FAE671A98CE6D00CEF622 /* AppDelegate.m */; };
		5F7FAE6B1A98CE6D00CEF622 /* ViewController.m in Sources */ = {isa = PBXBuildFile; fileRef = 5F7FAE6A1A98CE6D00CEF622 /* ViewController.m */; };
		5F7FAE6E1A98CE6D00CEF622 /* Main.storyboard in Resources */ = {isa = PBXBuildFile; fileRef = 5F7FAE6C1A98CE6D00CEF622 /* Main.storyboard */; };
		5F7FAE701A98CE6D00CEF622 /* Images.xcassets in Resources */ = {isa = PBXBuildFile; fileRef = 5F7FAE6F1A98CE6D00CEF622 /* Images.xcassets */; };
		5F7FAE731A98CE6D00CEF622 /* LaunchScreen.xib in Resources */ = {isa = PBXBuildFile; fileRef = 5F7FAE711A98CE6D00CEF622 /* LaunchScreen.xib */; };
		5F7FAE7F1A98CE6E00CEF622 /* KYNewtonCradleViewTests.m in Sources */ = {isa = PBXBuildFile; fileRef = 5F7FAE7E1A98CE6E00CEF622 /* KYNewtonCradleViewTests.m */; };
/* End PBXBuildFile section */

/* Begin PBXContainerItemProxy section */
		5F7FAE791A98CE6D00CEF622 /* PBXContainerItemProxy */ = {
			isa = PBXContainerItemProxy;
			containerPortal = 5F7FAE571A98CE6D00CEF622 /* Project object */;
			proxyType = 1;
			remoteGlobalIDString = 5F7FAE5E1A98CE6D00CEF622;
			remoteInfo = KYNewtonCradleView;
		};
/* End PBXContainerItemProxy section */

/* Begin PBXFileReference section */
		5F7FAE5F1A98CE6D00CEF622 /* KYNewtonCradleView.app */ = {isa = PBXFileReference; explicitFileType = wrapper.application; includeInIndex = 0; path = KYNewtonCradleView.app; sourceTree = BUILT_PRODUCTS_DIR; };
		5F7FAE631A98CE6D00CEF622 /* Info.plist */ = {isa = PBXFileReference; lastKnownFileType = text.plist.xml; path = Info.plist; sourceTree = "<group>"; };
		5F7FAE641A98CE6D00CEF622 /* main.m */ = {isa = PBXFileReference; lastKnownFileType = sourcecode.c.objc; path = main.m; sourceTree = "<group>"; };
		5F7FAE661A98CE6D00CEF622 /* AppDelegate.h */ = {isa = PBXFileReference; lastKnownFileType = sourcecode.c.h; path = AppDelegate.h; sourceTree = "<group>"; };
		5F7FAE671A98CE6D00CEF622 /* AppDelegate.m */ = {isa = PBXFileReference; lastKnownFileType = sourcecode.c.objc; path = AppDelegate.m; sourceTree = "<group>"; };
		5F7FAE691A98CE6D00CEF622 /* ViewController.h */ = {isa = PBXFileReference; lastKnownFileType = sourcecode.c.h; path = ViewController.h; sourceTree = "<group>"; };
		5F7FAE6A1A98CE6D00CEF622 /* ViewController.m */ = {isa = PBXFileReference; lastKnownFileType = sourcecode.c.objc; path = ViewController.m; sourceTree = "<group>"; };
		5F7FAE6D1A98CE6D00CEF622 /* Base */ = {isa = PBXFileReference; lastKnownFileType = file.storyboard; name = Base; path = Base.lproj/Main.storyboard; sourceTree = "<group>"; };
		5F7FAE6F1A98CE6D00CEF622 /* Images.xcassets */ = {isa = PBXFileReference; lastKnownFileType = folder.assetcatalog; path = Images.xcassets; sourceTree = "<group>"; };
		5F7FAE721A98CE6D00CEF622 /* Base */ = {isa = PBXFileReference; lastKnownFileType = file.xib; name = Base; path = Base.lproj/LaunchScreen.xib; sourceTree = "<group>"; };
		5F7FAE781A98CE6D00CEF622 /* KYNewtonCradleViewTests.xctest */ = {isa = PBXFileReference; explicitFileType = wrapper.cfbundle; includeInIndex = 0; path = KYNewtonCradleViewTests.xctest; sourceTree = BUILT_PRODUCTS_DIR; };
		5F7FAE7D1A98CE6E00CEF622 /* Info.plist */ = {isa = PBXFileReference; lastKnownFileType = text.plist.xml; path = Info.plist; sourceTree = "<group>"; };
		5F7FAE7E1A98CE6E00CEF622 /* KYNewtonCradleViewTests.m */ = {isa = PBXFileReference; lastKnownFileType = sourcecode.c.objc; path = KYNewtonCradleViewTests.m; sourceTree = "<group>"; };
/* End PBXFileReference section */

/* Begin PBXFrameworksBuildPhase section */
		5F7FAE5C1A98CE6D00CEF622 /* Frameworks */ = {
			isa = PBXFrameworksBuildPhase;
			buildActionMask = 2147483647;
			files = (
			);
			runOnlyForDeploymentPostprocessing = 0;
		};
		5F7FAE751A98CE6D00CEF622 /* Frameworks */ = {
			isa = PBXFrameworksBuildPhase;
			buildActionMask = 2147483647;
			files = (
			);
			runOnlyForDeploymentPostprocessing = 0;
		};
/* End PBXFrameworksBuildPhase section */

/* Begin PBXGroup section */
		5F7FAE561A98CE6D00CEF622 = {
			isa = PBXGroup;
			children = (
				5F7FAE611A98CE6D00CEF622 /* KYNewtonCradleView */,
				5F7FAE7B1A98CE6D00CEF622 /* KYNewtonCradleViewTests */,
				5F7FAE601A98CE6D00CEF622 /* Products */,
			);
			sourceTree = "<group>";
		};
		5F7FAE601A98CE6D00CEF622 /* Products */ = {
			isa = PBXGroup;
			children = (
				5F7FAE5F1A98CE6D00CEF622 /* KYNewtonCradleView.app */,
				5F7FAE781A98CE6D00CEF622 /* KYNewtonCradleViewTests.xctest */,
			);
			name = Products;
			sourceTree = "<group>";
		};
		5F7FAE611A98CE6D00CEF622 /* KYNewtonCradleView */ = {
			isa = PBXGroup;
			children = (
				5F7FAE661A98CE6D00CEF622 /* AppDelegate.h */,
				5F7FAE671A98CE6D00CEF622 /* AppDelegate.m */,
				5F7FAE691A98CE6D00CEF622 /* ViewController.h */,
				5F7FAE6A1A98CE6D00CEF622 /* ViewController.m */,
				5F7FAE6C1A98CE6D00CEF622 /* Main.storyboard */,
				5F7FAE6F1A98CE6D00CEF622 /* Images.xcassets */,
				5F7FAE711A98CE6D00CEF622 /* LaunchScreen.xib */,
				5F7FAE621A98CE6D00CEF622 /* Supporting Files */,
			);
			path = KYNewtonCradleView;
			sourceTree = "<group>";
		};
		5F7FAE621A98CE6D00CEF622 /* Supporting Files */ = {
			isa = PBXGroup;
			children = (
				5F7FAE631A98CE6D00CEF622 /* Info.plist */,
				5F7FAE641A98CE6D00CEF622 /* main.m */,
			);
			name = "Supporting Files";
			sourceTree = "<group>";
		};
		5F7FAE7B1A98CE6D00CEF622 /* KYNewtonCradleViewTests */ = {
			isa = PBXGroup;
			children = (
				5F7FAE7E1A98CE6E00CEF622 /* KYNewtonCradleViewTests.m */,
				5F7FAE7C1A98CE6E00CEF622 /* Supporting Files */,
			);
			path = KYNewtonCradleViewTests;
			sourceTree = "<group>";
		};
		5F7FAE7C1A98CE6E00CEF622 /* Supporting Files */ = {
			isa = PBXGroup;
			children = (
				5F7FAE7D1A98CE6E00CEF622 /* Info.plist */,
			);
			name = "Supporting Files";
			sourceTree = "<group>";
		};
/* End PBXGroup section */

/* Begin PBXNativeTarget section */
		5F7FAE5E1A98CE6D00CEF622 /* KYNewtonCradleView */ = {
			isa = PBXNativeTarget;
			buildConfigurationList = 5F7FAE821A98CE6E00CEF622 /* Build configuration list for PBXNativeTarget "KYNewtonCradleView" */;
			buildPhases = (
				5F7FAE5B1A98CE6D00CEF622 /* Sources */,
				5F7FAE5C1A98CE6D00CEF622 /* Frameworks */,
				5F7FAE5D1A98CE6D00CEF622 /* Resources */,
			);
			buildRules = (
			);
			dependencies = (
			);
			name = KYNewtonCradleView;
			productName = KYNewtonCradleView;
			productReference = 5F7FAE5F1A98CE6D00CEF622 /* KYNewtonCradleView.app */;
			productType = "com.apple.product-type.application";
		};
		5F7FAE771A98CE6D00CEF622 /* KYNewtonCradleViewTests */ = {
			isa = PBXNativeTarget;
			buildConfigurationList = 5F7FAE851A98CE6E00CEF622 /* Build configuration list for PBXNativeTarget "KYNewtonCradleViewTests" */;
			buildPhases = (
				5F7FAE741A98CE6D00CEF622 /* Sources */,
				5F7FAE751A98CE6D00CEF622 /* Frameworks */,
				5F7FAE761A98CE6D00CEF622 /* Resources */,
			);
			buildRules = (
			);
			dependencies = (
				5F7FAE7A1A98CE6D00CEF622 /* PBXTargetDependency */,
			);
			name = KYNewtonCradleViewTests;
			productName = KYNewtonCradleViewTests;
			productReference = 5F7FAE781A98CE6D00CEF622 /* KYNewtonCradleViewTests.xctest */;
			productType = "com.apple.product-type.bundle.unit-test";
		};
/* End PBXNativeTarget section */

/* Begin PBXProject section */
		5F7FAE571A98CE6D00CEF622 /* Project object */ = {
			isa = PBXProject;
			attributes = {
				LastUpgradeCheck = 0610;
				ORGANIZATIONNAME = "Kitten Yang";
				TargetAttributes = {
					5F7FAE5E1A98CE6D00CEF622 = {
						CreatedOnToolsVersion = 6.1.1;
					};
					5F7FAE771A98CE6D00CEF622 = {
						CreatedOnToolsVersion = 6.1.1;
						TestTargetID = 5F7FAE5E1A98CE6D00CEF622;
					};
				};
			};
			buildConfigurationList = 5F7FAE5A1A98CE6D00CEF622 /* Build configuration list for PBXProject "KYNewtonCradleView" */;
			compatibilityVersion = "Xcode 3.2";
			developmentRegion = English;
			hasScannedForEncodings = 0;
			knownRegions = (
				en,
				Base,
			);
			mainGroup = 5F7FAE561A98CE6D00CEF622;
			productRefGroup = 5F7FAE601A98CE6D00CEF622 /* Products */;
			projectDirPath = "";
			projectRoot = "";
			targets = (
				5F7FAE5E1A98CE6D00CEF622 /* KYNewtonCradleView */,
				5F7FAE771A98CE6D00CEF622 /* KYNewtonCradleViewTests */,
			);
		};
/* End PBXProject section */

/* Begin PBXResourcesBuildPhase section */
		5F7FAE5D1A98CE6D00CEF622 /* Resources */ = {
			isa = PBXResourcesBuildPhase;
			buildActionMask = 2147483647;
			files = (
				5F7FAE6E1A98CE6D00CEF622 /* Main.storyboard in Resources */,
				5F7FAE731A98CE6D00CEF622 /* LaunchScreen.xib in Resources */,
				5F7FAE701A98CE6D00CEF622 /* Images.xcassets in Resources */,
			);
			runOnlyForDeploymentPostprocessing = 0;
		};
		5F7FAE761A98CE6D00CEF622 /* Resources */ = {
			isa = PBXResourcesBuildPhase;
			buildActionMask = 2147483647;
			files = (
			);
			runOnlyForDeploymentPostprocessing = 0;
		};
/* End PBXResourcesBuildPhase section */

/* Begin PBXSourcesBuildPhase section */
		5F7FAE5B1A98CE6D00CEF622 /* Sources */ = {
			isa = PBXSourcesBuildPhase;
			buildActionMask = 2147483647;
			files = (
				5F7FAE6B1A98CE6D00CEF622 /* ViewController.m in Sources */,
				5F7FAE681A98CE6D00CEF622 /* AppDelegate.m in Sources */,
				5F7FAE651A98CE6D00CEF622 /* main.m in Sources */,
			);
			runOnlyForDeploymentPostprocessing = 0;
		};
		5F7FAE741A98CE6D00CEF622 /* Sources */ = {
			isa = PBXSourcesBuildPhase;
			buildActionMask = 2147483647;
			files = (
				5F7FAE7F1A98CE6E00CEF622 /* KYNewtonCradleViewTests.m in Sources */,
			);
			runOnlyForDeploymentPostprocessing = 0;
		};
/* End PBXSourcesBuildPhase section */

/* Begin PBXTargetDependency section */
		5F7FAE7A1A98CE6D00CEF622 /* PBXTargetDependency */ = {
			isa = PBXTargetDependency;
			target = 5F7FAE5E1A98CE6D00CEF622 /* KYNewtonCradleView */;
			targetProxy = 5F7FAE791A98CE6D00CEF622 /* PBXContainerItemProxy */;
		};
/* End PBXTargetDependency section */

/* Begin PBXVariantGroup section */
		5F7FAE6C1A98CE6D00CEF622 /* Main.storyboard */ = {
			isa = PBXVariantGroup;
			children = (
				5F7FAE6D1A98CE6D00CEF622 /* Base */,
			);
			name = Main.storyboard;
			sourceTree = "<group>";
		};
		5F7FAE711A98CE6D00CEF622 /* LaunchScreen.xib */ = {
			isa = PBXVariantGroup;
			children = (
				5F7FAE721A98CE6D00CEF622 /* Base */,
			);
			name = LaunchScreen.xib;
			sourceTree = "<group>";
		};
/* End PBXVariantGroup section */

/* Begin XCBuildConfiguration section */
		5F7FAE801A98CE6E00CEF622 /* Debug */ = {
			isa = XCBuildConfiguration;
			buildSettings = {
				ALWAYS_SEARCH_USER_PATHS = NO;
				CLANG_CXX_LANGUAGE_STANDARD = "gnu++0x";
				CLANG_CXX_LIBRARY = "libc++";
				CLANG_ENABLE_MODULES = YES;
				CLANG_ENABLE_OBJC_ARC = YES;
				CLANG_WARN_BOOL_CONVERSION = YES;
				CLANG_WARN_CONSTANT_CONVERSION = YES;
				CLANG_WARN_DIRECT_OBJC_ISA_USAGE = YES_ERROR;
				CLANG_WARN_EMPTY_BODY = YES;
				CLANG_WARN_ENUM_CONVERSION = YES;
				CLANG_WARN_INT_CONVERSION = YES;
				CLANG_WARN_OBJC_ROOT_CLASS = YES_ERROR;
				CLANG_WARN_UNREACHABLE_CODE = YES;
				CLANG_WARN__DUPLICATE_METHOD_MATCH = YES;
				"CODE_SIGN_IDENTITY[sdk=iphoneos*]" = "iPhone Developer";
				COPY_PHASE_STRIP = NO;
				ENABLE_STRICT_OBJC_MSGSEND = YES;
				GCC_C_LANGUAGE_STANDARD = gnu99;
				GCC_DYNAMIC_NO_PIC = NO;
				GCC_OPTIMIZATION_LEVEL = 0;
				GCC_PREPROCESSOR_DEFINITIONS = (
					"DEBUG=1",
					"$(inherited)",
				);
				GCC_SYMBOLS_PRIVATE_EXTERN = NO;
				GCC_WARN_64_TO_32_BIT_CONVERSION = YES;
				GCC_WARN_ABOUT_RETURN_TYPE = YES_ERROR;
				GCC_WARN_UNDECLARED_SELECTOR = YES;
				GCC_WARN_UNINITIALIZED_AUTOS = YES_AGGRESSIVE;
				GCC_WARN_UNUSED_FUNCTION = YES;
				GCC_WARN_UNUSED_VARIABLE = YES;
				IPHONEOS_DEPLOYMENT_TARGET = 8.1;
				MTL_ENABLE_DEBUG_INFO = YES;
				ONLY_ACTIVE_ARCH = YES;
				SDKROOT = iphoneos;
			};
			name = Debug;
		};
		5F7FAE811A98CE6E00CEF622 /* Release */ = {
			isa = XCBuildConfiguration;
			buildSettings = {
				ALWAYS_SEARCH_USER_PATHS = NO;
				CLANG_CXX_LANGUAGE_STANDARD = "gnu++0x";
				CLANG_CXX_LIBRARY = "libc++";
				CLANG_ENABLE_MODULES = YES;
				CLANG_ENABLE_OBJC_ARC = YES;
				CLANG_WARN_BOOL_CONVERSION = YES;
				CLANG_WARN_CONSTANT_CONVERSION = YES;
				CLANG_WARN_DIRECT_OBJC_ISA_USAGE = YES_ERROR;
				CLANG_WARN_EMPTY_BODY = YES;
				CLANG_WARN_ENUM_CONVERSION = YES;
				CLANG_WARN_INT_CONVERSION = YES;
				CLANG_WARN_OBJC_ROOT_CLASS = YES_ERROR;
				CLANG_WARN_UNREACHABLE_CODE = YES;
				CLANG_WARN__DUPLICATE_METHOD_MATCH = YES;
				"CODE_SIGN_IDENTITY[sdk=iphoneos*]" = "iPhone Developer";
				COPY_PHASE_STRIP = YES;
				ENABLE_NS_ASSERTIONS = NO;
				ENABLE_STRICT_OBJC_MSGSEND = YES;
				GCC_C_LANGUAGE_STANDARD = gnu99;
				GCC_WARN_64_TO_32_BIT_CONVERSION = YES;
				GCC_WARN_ABOUT_RETURN_TYPE = YES_ERROR;
				GCC_WARN_UNDECLARED_SELECTOR = YES;
				GCC_WARN_UNINITIALIZED_AUTOS = YES_AGGRESSIVE;
				GCC_WARN_UNUSED_FUNCTION = YES;
				GCC_WARN_UNUSED_VARIABLE = YES;
				IPHONEOS_DEPLOYMENT_TARGET = 8.1;
				MTL_ENABLE_DEBUG_INFO = NO;
				SDKROOT = iphoneos;
				VALIDATE_PRODUCT = YES;
			};
			name = Release;
		};
		5F7FAE831A98CE6E00CEF622 /* Debug */ = {
			isa = XCBuildConfiguration;
			buildSettings = {
				ASSETCATALOG_COMPILER_APPICON_NAME = AppIcon;
				INFOPLIST_FILE = KYNewtonCradleView/Info.plist;
				LD_RUNPATH_SEARCH_PATHS = "$(inherited) @executable_path/Frameworks";
				PRODUCT_NAME = "$(TARGET_NAME)";
			};
			name = Debug;
		};
		5F7FAE841A98CE6E00CEF622 /* Release */ = {
			isa = XCBuildConfiguration;
			buildSettings = {
				ASSETCATALOG_COMPILER_APPICON_NAME = AppIcon;
				INFOPLIST_FILE = KYNewtonCradleView/Info.plist;
				LD_RUNPATH_SEARCH_PATHS = "$(inherited) @executable_path/Frameworks";
				PRODUCT_NAME = "$(TARGET_NAME)";
			};
			name = Release;
		};
		5F7FAE861A98CE6E00CEF622 /* Debug */ = {
			isa = XCBuildConfiguration;
			buildSettings = {
				BUNDLE_LOADER = "$(TEST_HOST)";
				FRAMEWORK_SEARCH_PATHS = (
					"$(SDKROOT)/Developer/Library/Frameworks",
					"$(inherited)",
				);
				GCC_PREPROCESSOR_DEFINITIONS = (
					"DEBUG=1",
					"$(inherited)",
				);
				INFOPLIST_FILE = KYNewtonCradleViewTests/Info.plist;
				LD_RUNPATH_SEARCH_PATHS = "$(inherited) @executable_path/Frameworks @loader_path/Frameworks";
				PRODUCT_NAME = "$(TARGET_NAME)";
				TEST_HOST = "$(BUILT_PRODUCTS_DIR)/KYNewtonCradleView.app/KYNewtonCradleView";
			};
			name = Debug;
		};
		5F7FAE871A98CE6E00CEF622 /* Release */ = {
			isa = XCBuildConfiguration;
			buildSettings = {
				BUNDLE_LOADER = "$(TEST_HOST)";
				FRAMEWORK_SEARCH_PATHS = (
					"$(SDKROOT)/Developer/Library/Frameworks",
					"$(inherited)",
				);
				INFOPLIST_FILE = KYNewtonCradleViewTests/Info.plist;
				LD_RUNPATH_SEARCH_PATHS = "$(inherited) @executable_path/Frameworks @loader_path/Frameworks";
				PRODUCT_NAME = "$(TARGET_NAME)";
				TEST_HOST = "$(BUILT_PRODUCTS_DIR)/KYNewtonCradleView.app/KYNewtonCradleView";
			};
			name = Release;
		};
/* End XCBuildConfiguration section */

/* Begin XCConfigurationList section */
		5F7FAE5A1A98CE6D00CEF622 /* Build configuration list for PBXProject "KYNewtonCradleView" */ = {
			isa = XCConfigurationList;
			buildConfigurations = (
				5F7FAE801A98CE6E00CEF622 /* Debug */,
				5F7FAE811A98CE6E00CEF622 /* Release */,
			);
			defaultConfigurationIsVisible = 0;
			defaultConfigurationName = Release;
		};
		5F7FAE821A98CE6E00CEF622 /* Build configuration list for PBXNativeTarget "KYNewtonCradleView" */ = {
			isa = XCConfigurationList;
			buildConfigurations = (
				5F7FAE831A98CE6E00CEF622 /* Debug */,
				5F7FAE841A98CE6E00CEF622 /* Release */,
			);
			defaultConfigurationIsVisible = 0;
		};
		5F7FAE851A98CE6E00CEF622 /* Build configuration list for PBXNativeTarget "KYNewtonCradleViewTests" */ = {
			isa = XCConfigurationList;
			buildConfigurations = (
				5F7FAE861A98CE6E00CEF622 /* Debug */,
				5F7FAE871A98CE6E00CEF622 /* Release */,
			);
			defaultConfigurationIsVisible = 0;
		};
/* End XCConfigurationList section */
	};
	rootObject = 5F7FAE571A98CE6D00CEF622 /* Project object */;
}
